
Microsoft Visual Studio Solution File, Format Version 12.00
# Visual Studio Version 17
VisualStudioVersion = 17.5.002.0
MinimumVisualStudioVersion = 10.0.40219.1
Project("{9A19103F-16F7-4668-BE54-9A1E7A4F7556}") = "MathGame", "MathGame.csproj", "{CC1CC7AD-2F6E-4BA6-B833-54D53DDB0AFD}"
EndProject
Global
	GlobalSection(SolutionConfigurationPlatforms) = preSolution
		Debug|Any CPU = Debug|Any CPU
		Release|Any CPU = Release|Any CPU
	EndGlobalSection
	GlobalSection(ProjectConfigurationPlatforms) = postSolution
		{CC1CC7AD-2F6E-4BA6-B833-54D53DDB0AFD}.Debug|Any CPU.ActiveCfg = Debug|Any CPU
		{CC1CC7AD-2F6E-4BA6-B833-54D53DDB0AFD}.Debug|Any CPU.Build.0 = Debug|Any CPU
		{CC1CC7AD-2F6E-4BA6-B833-54D53DDB0AFD}.Release|Any CPU.ActiveCfg = Release|Any CPU
		{CC1CC7AD-2F6E-4BA6-B833-54D53DDB0AFD}.Release|Any CPU.Build.0 = Release|Any CPU
	EndGlobalSection
	GlobalSection(SolutionProperties) = preSolution
		HideSolutionNode = FALSE
	EndGlobalSection
	GlobalSection(ExtensibilityGlobals) = postSolution
		SolutionGuid = {55EC0455-2B78-4E68-B368-D1BF048FAD5F}
	EndGlobalSection
EndGlobal
